
Microsoft Visual Studio Solution File, Format Version 12.00
# Visual Studio 15
VisualStudioVersion = 15.0.28010.2016
MinimumVisualStudioVersion = 10.0.40219.1
Project("{FAE04EC0-301F-11D3-BF4B-00C04F79EFBC}") = "PingPong", "PingPong\PingPong.csproj", "{EBFB27B7-2F44-4E17-BC85-25518D69C9CD}"
EndProject
Global
	GlobalSection(SolutionConfigurationPlatforms) = preSolution
		Debug|Any CPU = Debug|Any CPU
		Release|Any CPU = Release|Any CPU
	EndGlobalSection
	GlobalSection(ProjectConfigurationPlatforms) = postSolution
		{EBFB27B7-2F44-4E17-BC85-25518D69C9CD}.Debug|Any CPU.ActiveCfg = Debug|Any CPU
		{EBFB27B7-2F44-4E17-BC85-25518D69C9CD}.Debug|Any CPU.Build.0 = Debug|Any CPU
		{EBFB27B7-2F44-4E17-BC85-25518D69C9CD}.Release|Any CPU.ActiveCfg = Release|Any CPU
		{EBFB27B7-2F44-4E17-BC85-25518D69C9CD}.Release|Any CPU.Build.0 = Release|Any CPU
	EndGlobalSection
	GlobalSection(SolutionProperties) = preSolution
		HideSolutionNode = FALSE
	EndGlobalSection
	GlobalSection(ExtensibilityGlobals) = postSolution
		SolutionGuid = {8FB802E6-9F02-41D6-839F-9121262A8184}
	EndGlobalSection
EndGlobal
